github.com/enchant97/hugo-mysti-guides v0.0.0-20230903114939-b0c40e0bee06 h1:H0VlDDKXOJc9kbjAz3nW+QGjg78TI/QrXHhMquErRgU=
github.com/enchant97/hugo-mysti-guides v0.0.0-20230903114939-b0c40e0bee06/go.mod h1:FCPF7N2+WOedylj4iFiMJZqeYCKseDU+XdsCDHkqj1c=
github.com/enchant97/hugo-mysti-guides v0.0.0-20230903130918-d0af9b96792b h1:L77lHcry8xeMUMY9+R9jasHLecx+MSdSGpK/N8HTASs=
github.com/enchant97/hugo-mysti-guides v0.0.0-20230903130918-d0af9b96792b/go.mod h1:FCPF7N2+WOedylj4iFiMJZqeYCKseDU+XdsCDHkqj1c=
